
Microsoft Visual Studio Solution File, Format Version 12.00
# Visual Studio Version 16
VisualStudioVersion = 16.0.30413.136
MinimumVisualStudioVersion = 10.0.40219.1
Project("{FAE04EC0-301F-11D3-BF4B-00C04F79EFBC}") = "SeleniumTesting", "SeleniumTesting\SeleniumTesting.csproj", "{DFC34224-3983-4FB4-8A2A-E8EC8B3CA60B}"
EndProject
Global
	GlobalSection(SolutionConfigurationPlatforms) = preSolution
		Debug|Any CPU = Debug|Any CPU
		Release|Any CPU = Release|Any CPU
	EndGlobalSection
	GlobalSection(ProjectConfigurationPlatforms) = postSolution
		{DFC34224-3983-4FB4-8A2A-E8EC8B3CA60B}.Debug|Any CPU.ActiveCfg = Debug|Any CPU
		{DFC34224-3983-4FB4-8A2A-E8EC8B3CA60B}.Debug|Any CPU.Build.0 = Debug|Any CPU
		{DFC34224-3983-4FB4-8A2A-E8EC8B3CA60B}.Release|Any CPU.ActiveCfg = Release|Any CPU
		{DFC34224-3983-4FB4-8A2A-E8EC8B3CA60B}.Release|Any CPU.Build.0 = Release|Any CPU
	EndGlobalSection
	GlobalSection(SolutionProperties) = preSolution
		HideSolutionNode = FALSE
	EndGlobalSection
	GlobalSection(ExtensibilityGlobals) = postSolution
		SolutionGuid = {E02C6BF3-B5BD-4C54-B3CA-2348EA1088F9}
	EndGlobalSection
EndGlobal
